// !$*UTF8*$!
{
	archiveVersion = 1;
	classes = {
	};
	objectVersion = 56;
	objects = {

/* Begin PBXBuildFile section */
		8F0C29FE29B105880094B5A6 /* Options.swift in Sources */ = {isa = PBXBuildFile; fileRef = 8F0C29FD29B105880094B5A6 /* Options.swift */; };
		8F0E469D29AE8B700079271F /* LightView.swift in Sources */ = {isa = PBXBuildFile; fileRef = 8F0E469C29AE8B700079271F /* LightView.swift */; };
		8F0E469F29AE96A20079271F /* UnverbundenOverlay.swift in Sources */ = {isa = PBXBuildFile; fileRef = 8F0E469E29AE96A20079271F /* UnverbundenOverlay.swift */; };
		8F485A4F29A7D07900C7DE0E /* x32.swift in Sources */ = {isa = PBXBuildFile; fileRef = 8F485A4E29A7D07900C7DE0E /* x32.swift */; };
		8F95146629A943C300B2DF33 /* floatDbTable.swift in Sources */ = {isa = PBXBuildFile; fileRef = 8F95146529A943C300B2DF33 /* floatDbTable.swift */; };
		8F95146829A9452500B2DF33 /* PanicButton.swift in Sources */ = {isa = PBXBuildFile; fileRef = 8F95146729A9452500B2DF33 /* PanicButton.swift */; };
		8F95146B29A9462200B2DF33 /* Stripes in Frameworks */ = {isa = PBXBuildFile; productRef = 8F95146A29A9462200B2DF33 /* Stripes */; };
		8F95146D29A94AF900B2DF33 /* ChannelView.swift in Sources */ = {isa = PBXBuildFile; fileRef = 8F95146C29A94AF900B2DF33 /* ChannelView.swift */; };
		8F95146F29A94E7500B2DF33 /* SettingsView.swift in Sources */ = {isa = PBXBuildFile; fileRef = 8F95146E29A94E7500B2DF33 /* SettingsView.swift */; };
		8F95147129A9684500B2DF33 /* ConnectionStatusView.swift in Sources */ = {isa = PBXBuildFile; fileRef = 8F95147029A9684500B2DF33 /* ConnectionStatusView.swift */; };
		8FA64D1029AFB960004CE481 /* CueConfig.swift in Sources */ = {isa = PBXBuildFile; fileRef = 8FA64D0F29AFB960004CE481 /* CueConfig.swift */; };
		8FA64D1329AFBBA2004CE481 /* LogoCue.swift in Sources */ = {isa = PBXBuildFile; fileRef = 8FA64D1229AFBBA2004CE481 /* LogoCue.swift */; };
		8FA64D1529AFE1B9004CE481 /* ExternalDisplayView.swift in Sources */ = {isa = PBXBuildFile; fileRef = 8FA64D1429AFE1B9004CE481 /* ExternalDisplayView.swift */; };
		8FA64D1729AFE26A004CE481 /* Extensions.swift in Sources */ = {isa = PBXBuildFile; fileRef = 8FA64D1629AFE26A004CE481 /* Extensions.swift */; };
		8FA64D1929AFE39A004CE481 /* CueControlView.swift in Sources */ = {isa = PBXBuildFile; fileRef = 8FA64D1829AFE39A004CE481 /* CueControlView.swift */; };
		8FA64D1C29AFE5EB004CE481 /* CueListView.swift in Sources */ = {isa = PBXBuildFile; fileRef = 8FA64D1B29AFE5EB004CE481 /* CueListView.swift */; };
		8FA64D1E29AFE831004CE481 /* CueControlTopBar.swift in Sources */ = {isa = PBXBuildFile; fileRef = 8FA64D1D29AFE831004CE481 /* CueControlTopBar.swift */; };
		8FA64D2029AFEEFF004CE481 /* CueEditView.swift in Sources */ = {isa = PBXBuildFile; fileRef = 8FA64D1F29AFEEFF004CE481 /* CueEditView.swift */; };
		8FB1466729A41EC3003943B5 /* LocalNetworkPermission.swift in Sources */ = {isa = PBXBuildFile; fileRef = 8FB1466629A41EC3003943B5 /* LocalNetworkPermission.swift */; };
		8FB37F2229A428C10028B248 /* SoundView.swift in Sources */ = {isa = PBXBuildFile; fileRef = 8FB37F2129A428C10028B248 /* SoundView.swift */; };
		8FC817D529A69CB0004B4F8A /* OSC_Server.swift in Sources */ = {isa = PBXBuildFile; fileRef = 8FC817D429A69CB0004B4F8A /* OSC_Server.swift */; };
		8FC817D729A69CB8004B4F8A /* OSC_Client.swift in Sources */ = {isa = PBXBuildFile; fileRef = 8FC817D629A69CB8004B4F8A /* OSC_Client.swift */; };
		8FCC321D29A3FDC400216060 /* AnnaForumControllerApp.swift in Sources */ = {isa = PBXBuildFile; fileRef = 8FCC321C29A3FDC400216060 /* AnnaForumControllerApp.swift */; };
		8FCC321F29A3FDC400216060 /* ContentView.swift in Sources */ = {isa = PBXBuildFile; fileRef = 8FCC321E29A3FDC400216060 /* ContentView.swift */; };
		8FCC322129A3FDC500216060 /* Assets.xcassets in Resources */ = {isa = PBXBuildFile; fileRef = 8FCC322029A3FDC500216060 /* Assets.xcassets */; };
		8FCC322529A3FDC500216060 /* Preview Assets.xcassets in Resources */ = {isa = PBXBuildFile; fileRef = 8FCC322429A3FDC500216060 /* Preview Assets.xcassets */; };
		8FCC322D29A3FFE900216060 /* CocoaAsyncSocket in Frameworks */ = {isa = PBXBuildFile; productRef = 8FCC322C29A3FFE900216060 /* CocoaAsyncSocket */; };
		8FCC323029A4000100216060 /* OSCKit in Frameworks */ = {isa = PBXBuildFile; productRef = 8FCC322F29A4000100216060 /* OSCKit */; };
		8FCC323229A4000100216060 /* OSCKitCore in Frameworks */ = {isa = PBXBuildFile; productRef = 8FCC323129A4000100216060 /* OSCKitCore */; };
/* End PBXBuildFile section */

/* Begin PBXFileReference section */
		8F0C29FD29B105880094B5A6 /* Options.swift */ = {isa = PBXFileReference; lastKnownFileType = sourcecode.swift; path = Options.swift; sourceTree = "<group>"; };
		8F0E469C29AE8B700079271F /* LightView.swift */ = {isa = PBXFileReference; lastKnownFileType = sourcecode.swift; path = LightView.swift; sourceTree = "<group>"; };
		8F0E469E29AE96A20079271F /* UnverbundenOverlay.swift */ = {isa = PBXFileReference; lastKnownFileType = sourcecode.swift; path = UnverbundenOverlay.swift; sourceTree = "<group>"; };
		8F485A4E29A7D07900C7DE0E /* x32.swift */ = {isa = PBXFileReference; lastKnownFileType = sourcecode.swift; path = x32.swift; sourceTree = "<group>"; };
		8F95146529A943C300B2DF33 /* floatDbTable.swift */ = {isa = PBXFileReference; lastKnownFileType = sourcecode.swift; path = floatDbTable.swift; sourceTree = "<group>"; };
		8F95146729A9452500B2DF33 /* PanicButton.swift */ = {isa = PBXFileReference; lastKnownFileType = sourcecode.swift; path = PanicButton.swift; sourceTree = "<group>"; };
		8F95146C29A94AF900B2DF33 /* ChannelView.swift */ = {isa = PBXFileReference; lastKnownFileType = sourcecode.swift; path = ChannelView.swift; sourceTree = "<group>"; };
		8F95146E29A94E7500B2DF33 /* SettingsView.swift */ = {isa = PBXFileReference; lastKnownFileType = sourcecode.swift; path = SettingsView.swift; sourceTree = "<group>"; };
		8F95147029A9684500B2DF33 /* ConnectionStatusView.swift */ = {isa = PBXFileReference; lastKnownFileType = sourcecode.swift; path = ConnectionStatusView.swift; sourceTree = "<group>"; };
		8FA64D0E29AFAD12004CE481 /* Info.plist */ = {isa = PBXFileReference; lastKnownFileType = text.plist.xml; path = Info.plist; sourceTree = "<group>"; };
		8FA64D0F29AFB960004CE481 /* CueConfig.swift */ = {isa = PBXFileReference; lastKnownFileType = sourcecode.swift; path = CueConfig.swift; sourceTree = "<group>"; };
		8FA64D1229AFBBA2004CE481 /* LogoCue.swift */ = {isa = PBXFileReference; lastKnownFileType = sourcecode.swift; path = LogoCue.swift; sourceTree = "<group>"; };
		8FA64D1429AFE1B9004CE481 /* ExternalDisplayView.swift */ = {isa = PBXFileReference; lastKnownFileType = sourcecode.swift; path = ExternalDisplayView.swift; sourceTree = "<group>"; };
		8FA64D1629AFE26A004CE481 /* Extensions.swift */ = {isa = PBXFileReference; lastKnownFileType = sourcecode.swift; path = Extensions.swift; sourceTree = "<group>"; };
		8FA64D1829AFE39A004CE481 /* CueControlView.swift */ = {isa = PBXFileReference; lastKnownFileType = sourcecode.swift; path = CueControlView.swift; sourceTree = "<group>"; };
		8FA64D1B29AFE5EB004CE481 /* CueListView.swift */ = {isa = PBXFileReference; lastKnownFileType = sourcecode.swift; path = CueListView.swift; sourceTree = "<group>"; };
		8FA64D1D29AFE831004CE481 /* CueControlTopBar.swift */ = {isa = PBXFileReference; lastKnownFileType = sourcecode.swift; path = CueControlTopBar.swift; sourceTree = "<group>"; };
		8FA64D1F29AFEEFF004CE481 /* CueEditView.swift */ = {isa = PBXFileReference; lastKnownFileType = sourcecode.swift; path = CueEditView.swift; sourceTree = "<group>"; };
		8FB1466629A41EC3003943B5 /* LocalNetworkPermission.swift */ = {isa = PBXFileReference; lastKnownFileType = sourcecode.swift; path = LocalNetworkPermission.swift; sourceTree = "<group>"; };
		8FB37F2129A428C10028B248 /* SoundView.swift */ = {isa = PBXFileReference; lastKnownFileType = sourcecode.swift; path = SoundView.swift; sourceTree = "<group>"; };
		8FC817D429A69CB0004B4F8A /* OSC_Server.swift */ = {isa = PBXFileReference; lastKnownFileType = sourcecode.swift; path = OSC_Server.swift; sourceTree = "<group>"; };
		8FC817D629A69CB8004B4F8A /* OSC_Client.swift */ = {isa = PBXFileReference; lastKnownFileType = sourcecode.swift; path = OSC_Client.swift; sourceTree = "<group>"; };
		8FCC321929A3FDC400216060 /* AnnaForumController.app */ = {isa = PBXFileReference; explicitFileType = wrapper.application; includeInIndex = 0; path = AnnaForumController.app; sourceTree = BUILT_PRODUCTS_DIR; };
		8FCC321C29A3FDC400216060 /* AnnaForumControllerApp.swift */ = {isa = PBXFileReference; lastKnownFileType = sourcecode.swift; path = AnnaForumControllerApp.swift; sourceTree = "<group>"; };
		8FCC321E29A3FDC400216060 /* ContentView.swift */ = {isa = PBXFileReference; lastKnownFileType = sourcecode.swift; path = ContentView.swift; sourceTree = "<group>"; };
		8FCC322029A3FDC500216060 /* Assets.xcassets */ = {isa = PBXFileReference; lastKnownFileType = folder.assetcatalog; path = Assets.xcassets; sourceTree = "<group>"; };
		8FCC322229A3FDC500216060 /* AnnaForumController.entitlements */ = {isa = PBXFileReference; lastKnownFileType = text.plist.entitlements; path = AnnaForumController.entitlements; sourceTree = "<group>"; };
		8FCC322429A3FDC500216060 /* Preview Assets.xcassets */ = {isa = PBXFileReference; lastKnownFileType = folder.assetcatalog; path = "Preview Assets.xcassets"; sourceTree = "<group>"; };
/* End PBXFileReference section */

/* Begin PBXFrameworksBuildPhase section */
		8FCC321629A3FDC400216060 /* Frameworks */ = {
			isa = PBXFrameworksBuildPhase;
			buildActionMask = 2147483647;
			files = (
				8FCC322D29A3FFE900216060 /* CocoaAsyncSocket in Frameworks */,
				8F95146B29A9462200B2DF33 /* Stripes in Frameworks */,
				8FCC323029A4000100216060 /* OSCKit in Frameworks */,
				8FCC323229A4000100216060 /* OSCKitCore in Frameworks */,
			);
			runOnlyForDeploymentPostprocessing = 0;
		};
/* End PBXFrameworksBuildPhase section */

/* Begin PBXGroup section */
		8FA64D1129AFBB8E004CE481 /* Cue */ = {
			isa = PBXGroup;
			children = (
				8FA64D0F29AFB960004CE481 /* CueConfig.swift */,
				8FA64D1229AFBBA2004CE481 /* LogoCue.swift */,
			);
			path = Cue;
			sourceTree = "<group>";
		};
		8FA64D1A29AFE554004CE481 /* CueControl */ = {
			isa = PBXGroup;
			children = (
				8FA64D1829AFE39A004CE481 /* CueControlView.swift */,
				8FA64D1B29AFE5EB004CE481 /* CueListView.swift */,
				8FA64D1D29AFE831004CE481 /* CueControlTopBar.swift */,
				8FA64D1F29AFEEFF004CE481 /* CueEditView.swift */,
			);
			path = CueControl;
			sourceTree = "<group>";
		};
		8FCC321029A3FDC400216060 = {
			isa = PBXGroup;
			children = (
				8F95146729A9452500B2DF33 /* PanicButton.swift */,
				8FCC321B29A3FDC400216060 /* AnnaForumController */,
				8FCC321A29A3FDC400216060 /* Products */,
			);
			sourceTree = "<group>";
		};
		8FCC321A29A3FDC400216060 /* Products */ = {
			isa = PBXGroup;
			children = (
				8FCC321929A3FDC400216060 /* AnnaForumController.app */,
			);
			name = Products;
			sourceTree = "<group>";
		};
		8FCC321B29A3FDC400216060 /* AnnaForumController */ = {
			isa = PBXGroup;
			children = (
				8FA64D1A29AFE554004CE481 /* CueControl */,
				8FA64D1129AFBB8E004CE481 /* Cue */,
				8FA64D0E29AFAD12004CE481 /* Info.plist */,
				8FCC321C29A3FDC400216060 /* AnnaForumControllerApp.swift */,
				8FCC321E29A3FDC400216060 /* ContentView.swift */,
				8FCC322029A3FDC500216060 /* Assets.xcassets */,
				8FCC322229A3FDC500216060 /* AnnaForumController.entitlements */,
				8FCC322329A3FDC500216060 /* Preview Content */,
				8FB1466629A41EC3003943B5 /* LocalNetworkPermission.swift */,
				8FB37F2129A428C10028B248 /* SoundView.swift */,
				8FC817D429A69CB0004B4F8A /* OSC_Server.swift */,
				8FC817D629A69CB8004B4F8A /* OSC_Client.swift */,
				8F485A4E29A7D07900C7DE0E /* x32.swift */,
				8F95146529A943C300B2DF33 /* floatDbTable.swift */,
				8F95146C29A94AF900B2DF33 /* ChannelView.swift */,
				8F95146E29A94E7500B2DF33 /* SettingsView.swift */,
				8F95147029A9684500B2DF33 /* ConnectionStatusView.swift */,
				8F0E469C29AE8B700079271F /* LightView.swift */,
				8F0E469E29AE96A20079271F /* UnverbundenOverlay.swift */,
				8FA64D1429AFE1B9004CE481 /* ExternalDisplayView.swift */,
				8FA64D1629AFE26A004CE481 /* Extensions.swift */,
				8F0C29FD29B105880094B5A6 /* Options.swift */,
			);
			path = AnnaForumController;
			sourceTree = "<group>";
		};
		8FCC322329A3FDC500216060 /* Preview Content */ = {
			isa = PBXGroup;
			children = (
				8FCC322429A3FDC500216060 /* Preview Assets.xcassets */,
			);
			path = "Preview Content";
			sourceTree = "<group>";
		};
/* End PBXGroup section */

/* Begin PBXNativeTarget section */
		8FCC321829A3FDC400216060 /* AnnaForumController */ = {
			isa = PBXNativeTarget;
			buildConfigurationList = 8FCC322829A3FDC500216060 /* Build configuration list for PBXNativeTarget "AnnaForumController" */;
			buildPhases = (
				8FCC321529A3FDC400216060 /* Sources */,
				8FCC321629A3FDC400216060 /* Frameworks */,
				8FCC321729A3FDC400216060 /* Resources */,
			);
			buildRules = (
			);
			dependencies = (
			);
			name = AnnaForumController;
			packageProductDependencies = (
				8FCC322C29A3FFE900216060 /* CocoaAsyncSocket */,
				8FCC322F29A4000100216060 /* OSCKit */,
				8FCC323129A4000100216060 /* OSCKitCore */,
				8F95146A29A9462200B2DF33 /* Stripes */,
			);
			productName = AnnaForumController;
			productReference = 8FCC321929A3FDC400216060 /* AnnaForumController.app */;
			productType = "com.apple.product-type.application";
		};
/* End PBXNativeTarget section */

/* Begin PBXProject section */
		8FCC321129A3FDC400216060 /* Project object */ = {
			isa = PBXProject;
			attributes = {
				BuildIndependentTargetsInParallel = 1;
				LastSwiftUpdateCheck = 1420;
				LastUpgradeCheck = 1420;
				TargetAttributes = {
					8FCC321829A3FDC400216060 = {
						CreatedOnToolsVersion = 14.2;
					};
				};
			};
			buildConfigurationList = 8FCC321429A3FDC400216060 /* Build configuration list for PBXProject "AnnaForumController" */;
			compatibilityVersion = "Xcode 14.0";
			developmentRegion = en;
			hasScannedForEncodings = 0;
			knownRegions = (
				en,
				Base,
			);
			mainGroup = 8FCC321029A3FDC400216060;
			packageReferences = (
				8FCC322B29A3FFE900216060 /* XCRemoteSwiftPackageReference "CocoaAsyncSocket" */,
				8FCC322E29A4000100216060 /* XCRemoteSwiftPackageReference "OSCKit" */,
				8F95146929A9462200B2DF33 /* XCRemoteSwiftPackageReference "Stripes" */,
			);
			productRefGroup = 8FCC321A29A3FDC400216060 /* Products */;
			projectDirPath = "";
			projectRoot = "";
			targets = (
				8FCC321829A3FDC400216060 /* AnnaForumController */,
			);
		};
/* End PBXProject section */

/* Begin PBXResourcesBuildPhase section */
		8FCC321729A3FDC400216060 /* Resources */ = {
			isa = PBXResourcesBuildPhase;
			buildActionMask = 2147483647;
			files = (
				8FCC322529A3FDC500216060 /* Preview Assets.xcassets in Resources */,
				8FCC322129A3FDC500216060 /* Assets.xcassets in Resources */,
			);
			runOnlyForDeploymentPostprocessing = 0;
		};
/* End PBXResourcesBuildPhase section */

/* Begin PBXSourcesBuildPhase section */
		8FCC321529A3FDC400216060 /* Sources */ = {
			isa = PBXSourcesBuildPhase;
			buildActionMask = 2147483647;
			files = (
				8FC817D529A69CB0004B4F8A /* OSC_Server.swift in Sources */,
				8FA64D1729AFE26A004CE481 /* Extensions.swift in Sources */,
				8F0E469F29AE96A20079271F /* UnverbundenOverlay.swift in Sources */,
				8F95146629A943C300B2DF33 /* floatDbTable.swift in Sources */,
				8FA64D1529AFE1B9004CE481 /* ExternalDisplayView.swift in Sources */,
				8FB1466729A41EC3003943B5 /* LocalNetworkPermission.swift in Sources */,
				8F0E469D29AE8B700079271F /* LightView.swift in Sources */,
				8F95146829A9452500B2DF33 /* PanicButton.swift in Sources */,
				8FA64D1329AFBBA2004CE481 /* LogoCue.swift in Sources */,
				8F95147129A9684500B2DF33 /* ConnectionStatusView.swift in Sources */,
				8FC817D729A69CB8004B4F8A /* OSC_Client.swift in Sources */,
				8FA64D1929AFE39A004CE481 /* CueControlView.swift in Sources */,
				8FA64D1C29AFE5EB004CE481 /* CueListView.swift in Sources */,
				8F485A4F29A7D07900C7DE0E /* x32.swift in Sources */,
				8F0C29FE29B105880094B5A6 /* Options.swift in Sources */,
				8FA64D1029AFB960004CE481 /* CueConfig.swift in Sources */,
				8FCC321F29A3FDC400216060 /* ContentView.swift in Sources */,
				8FB37F2229A428C10028B248 /* SoundView.swift in Sources */,
				8FA64D1E29AFE831004CE481 /* CueControlTopBar.swift in Sources */,
				8F95146D29A94AF900B2DF33 /* ChannelView.swift in Sources */,
				8FCC321D29A3FDC400216060 /* AnnaForumControllerApp.swift in Sources */,
				8FA64D2029AFEEFF004CE481 /* CueEditView.swift in Sources */,
				8F95146F29A94E7500B2DF33 /* SettingsView.swift in Sources */,
			);
			runOnlyForDeploymentPostprocessing = 0;
		};
/* End PBXSourcesBuildPhase section */

/* Begin XCBuildConfiguration section */
		8FCC322629A3FDC500216060 /* Debug */ = {
			isa = XCBuildConfiguration;
			buildSettings = {
				ALWAYS_SEARCH_USER_PATHS = NO;
				CLANG_ANALYZER_NONNULL = YES;
				CLANG_ANALYZER_NUMBER_OBJECT_CONVERSION = YES_AGGRESSIVE;
				CLANG_CXX_LANGUAGE_STANDARD = "gnu++20";
				CLANG_ENABLE_MODULES = YES;
				CLANG_ENABLE_OBJC_ARC = YES;
				CLANG_ENABLE_OBJC_WEAK = YES;
				CLANG_WARN_BLOCK_CAPTURE_AUTORELEASING = YES;
				CLANG_WARN_BOOL_CONVERSION = YES;
				CLANG_WARN_COMMA = YES;
				CLANG_WARN_CONSTANT_CONVERSION = YES;
				CLANG_WARN_DEPRECATED_OBJC_IMPLEMENTATIONS = YES;
				CLANG_WARN_DIRECT_OBJC_ISA_USAGE = YES_ERROR;
				CLANG_WARN_DOCUMENTATION_COMMENTS = YES;
				CLANG_WARN_EMPTY_BODY = YES;
				CLANG_WARN_ENUM_CONVERSION = YES;
				CLANG_WARN_INFINITE_RECURSION = YES;
				CLANG_WARN_INT_CONVERSION = YES;
				CLANG_WARN_NON_LITERAL_NULL_CONVERSION = YES;
				CLANG_WARN_OBJC_IMPLICIT_RETAIN_SELF = YES;
				CLANG_WARN_OBJC_LITERAL_CONVERSION = YES;
				CLANG_WARN_OBJC_ROOT_CLASS = YES_ERROR;
				CLANG_WARN_QUOTED_INCLUDE_IN_FRAMEWORK_HEADER = YES;
				CLANG_WARN_RANGE_LOOP_ANALYSIS = YES;
				CLANG_WARN_STRICT_PROTOTYPES = YES;
				CLANG_WARN_SUSPICIOUS_MOVE = YES;
				CLANG_WARN_UNGUARDED_AVAILABILITY = YES_AGGRESSIVE;
				CLANG_WARN_UNREACHABLE_CODE = YES;
				CLANG_WARN__DUPLICATE_METHOD_MATCH = YES;
				COPY_PHASE_STRIP = NO;
				DEBUG_INFORMATION_FORMAT = dwarf;
				ENABLE_STRICT_OBJC_MSGSEND = YES;
				ENABLE_TESTABILITY = YES;
				GCC_C_LANGUAGE_STANDARD = gnu11;
				GCC_DYNAMIC_NO_PIC = NO;
				GCC_NO_COMMON_BLOCKS = YES;
				GCC_OPTIMIZATION_LEVEL = 0;
				GCC_PREPROCESSOR_DEFINITIONS = (
					"DEBUG=1",
					"$(inherited)",
				);
				GCC_WARN_64_TO_32_BIT_CONVERSION = YES;
				GCC_WARN_ABOUT_RETURN_TYPE = YES_ERROR;
				GCC_WARN_UNDECLARED_SELECTOR = YES;
				GCC_WARN_UNINITIALIZED_AUTOS = YES_AGGRESSIVE;
				GCC_WARN_UNUSED_FUNCTION = YES;
				GCC_WARN_UNUSED_VARIABLE = YES;
				MTL_ENABLE_DEBUG_INFO = INCLUDE_SOURCE;
				MTL_FAST_MATH = YES;
				ONLY_ACTIVE_ARCH = YES;
				SWIFT_ACTIVE_COMPILATION_CONDITIONS = DEBUG;
				SWIFT_OPTIMIZATION_LEVEL = "-Onone";
			};
			name = Debug;
		};
		8FCC322729A3FDC500216060 /* Release */ = {
			isa = XCBuildConfiguration;
			buildSettings = {
				ALWAYS_SEARCH_USER_PATHS = NO;
				CLANG_ANALYZER_NONNULL = YES;
				CLANG_ANALYZER_NUMBER_OBJECT_CONVERSION = YES_AGGRESSIVE;
				CLANG_CXX_LANGUAGE_STANDARD = "gnu++20";
				CLANG_ENABLE_MODULES = YES;
				CLANG_ENABLE_OBJC_ARC = YES;
				CLANG_ENABLE_OBJC_WEAK = YES;
				CLANG_WARN_BLOCK_CAPTURE_AUTORELEASING = YES;
				CLANG_WARN_BOOL_CONVERSION = YES;
				CLANG_WARN_COMMA = YES;
				CLANG_WARN_CONSTANT_CONVERSION = YES;
				CLANG_WARN_DEPRECATED_OBJC_IMPLEMENTATIONS = YES;
				CLANG_WARN_DIRECT_OBJC_ISA_USAGE = YES_ERROR;
				CLANG_WARN_DOCUMENTATION_COMMENTS = YES;
				CLANG_WARN_EMPTY_BODY = YES;
				CLANG_WARN_ENUM_CONVERSION = YES;
				CLANG_WARN_INFINITE_RECURSION = YES;
				CLANG_WARN_INT_CONVERSION = YES;
				CLANG_WARN_NON_LITERAL_NULL_CONVERSION = YES;
				CLANG_WARN_OBJC_IMPLICIT_RETAIN_SELF = YES;
				CLANG_WARN_OBJC_LITERAL_CONVERSION = YES;
				CLANG_WARN_OBJC_ROOT_CLASS = YES_ERROR;
				CLANG_WARN_QUOTED_INCLUDE_IN_FRAMEWORK_HEADER = YES;
				CLANG_WARN_RANGE_LOOP_ANALYSIS = YES;
				CLANG_WARN_STRICT_PROTOTYPES = YES;
				CLANG_WARN_SUSPICIOUS_MOVE = YES;
				CLANG_WARN_UNGUARDED_AVAILABILITY = YES_AGGRESSIVE;
				CLANG_WARN_UNREACHABLE_CODE = YES;
				CLANG_WARN__DUPLICATE_METHOD_MATCH = YES;
				COPY_PHASE_STRIP = NO;
				DEBUG_INFORMATION_FORMAT = "dwarf-with-dsym";
				ENABLE_NS_ASSERTIONS = NO;
				ENABLE_STRICT_OBJC_MSGSEND = YES;
				GCC_C_LANGUAGE_STANDARD = gnu11;
				GCC_NO_COMMON_BLOCKS = YES;
				GCC_WARN_64_TO_32_BIT_CONVERSION = YES;
				GCC_WARN_ABOUT_RETURN_TYPE = YES_ERROR;
				GCC_WARN_UNDECLARED_SELECTOR = YES;
				GCC_WARN_UNINITIALIZED_AUTOS = YES_AGGRESSIVE;
				GCC_WARN_UNUSED_FUNCTION = YES;
				GCC_WARN_UNUSED_VARIABLE = YES;
				MTL_ENABLE_DEBUG_INFO = NO;
				MTL_FAST_MATH = YES;
				SWIFT_COMPILATION_MODE = wholemodule;
				SWIFT_OPTIMIZATION_LEVEL = "-O";
			};
			name = Release;
		};
		8FCC322929A3FDC500216060 /* Debug */ = {
			isa = XCBuildConfiguration;
			buildSettings = {
				ASSETCATALOG_COMPILER_APPICON_NAME = AppIcon;
				ASSETCATALOG_COMPILER_GLOBAL_ACCENT_COLOR_NAME = AccentColor;
				CODE_SIGN_ENTITLEMENTS = AnnaForumController/AnnaForumController.entitlements;
				CODE_SIGN_STYLE = Automatic;
				CURRENT_PROJECT_VERSION = 1;
				DEVELOPMENT_ASSET_PATHS = "\"AnnaForumController/Preview Content\"";
				DEVELOPMENT_TEAM = RB2HQ5BP7S;
				ENABLE_HARDENED_RUNTIME = YES;
				ENABLE_PREVIEWS = YES;
				GENERATE_INFOPLIST_FILE = YES;
				INFOPLIST_FILE = AnnaForumController/Info.plist;
				"INFOPLIST_KEY_UIApplicationSceneManifest_Generation[sdk=iphoneos*]" = YES;
				"INFOPLIST_KEY_UIApplicationSceneManifest_Generation[sdk=iphonesimulator*]" = YES;
				"INFOPLIST_KEY_UIApplicationSupportsIndirectInputEvents[sdk=iphoneos*]" = YES;
				"INFOPLIST_KEY_UIApplicationSupportsIndirectInputEvents[sdk=iphonesimulator*]" = YES;
				"INFOPLIST_KEY_UILaunchScreen_Generation[sdk=iphoneos*]" = YES;
				"INFOPLIST_KEY_UILaunchScreen_Generation[sdk=iphonesimulator*]" = YES;
				"INFOPLIST_KEY_UIStatusBarStyle[sdk=iphoneos*]" = UIStatusBarStyleDefault;
				"INFOPLIST_KEY_UIStatusBarStyle[sdk=iphonesimulator*]" = UIStatusBarStyleDefault;
				INFOPLIST_KEY_UISupportedInterfaceOrientations = UIInterfaceOrientationPortrait;
				INFOPLIST_KEY_UISupportedInterfaceOrientations_iPad = "UIInterfaceOrientationLandscapeLeft UIInterfaceOrientationLandscapeRight";
				IPHONEOS_DEPLOYMENT_TARGET = 16.0;
				LD_RUNPATH_SEARCH_PATHS = "@executable_path/Frameworks";
				"LD_RUNPATH_SEARCH_PATHS[sdk=macosx*]" = "@executable_path/../Frameworks";
				MACOSX_DEPLOYMENT_TARGET = 13.1;
				MARKETING_VERSION = 1.0;
				PRODUCT_BUNDLE_IDENTIFIER = benede.AnnaForumController;
				PRODUCT_NAME = "$(TARGET_NAME)";
				SDKROOT = auto;
				SUPPORTED_PLATFORMS = "iphoneos iphonesimulator macosx";
				SWIFT_EMIT_LOC_STRINGS = YES;
				SWIFT_VERSION = 5.0;
				TARGETED_DEVICE_FAMILY = "1,2";
			};
			name = Debug;
		};
		8FCC322A29A3FDC500216060 /* Release */ = {
			isa = XCBuildConfiguration;
			buildSettings = {
				ASSETCATALOG_COMPILER_APPICON_NAME = AppIcon;
				ASSETCATALOG_COMPILER_GLOBAL_ACCENT_COLOR_NAME = AccentColor;
				CODE_SIGN_ENTITLEMENTS = AnnaForumController/AnnaForumController.entitlements;
				CODE_SIGN_STYLE = Automatic;
				CURRENT_PROJECT_VERSION = 1;
				DEVELOPMENT_ASSET_PATHS = "\"AnnaForumController/Preview Content\"";
				DEVELOPMENT_TEAM = RB2HQ5BP7S;
				ENABLE_HARDENED_RUNTIME = YES;
				ENABLE_PREVIEWS = YES;
				GENERATE_INFOPLIST_FILE = YES;
				INFOPLIST_FILE = AnnaForumController/Info.plist;
				"INFOPLIST_KEY_UIApplicationSceneManifest_Generation[sdk=iphoneos*]" = YES;
				"INFOPLIST_KEY_UIApplicationSceneManifest_Generation[sdk=iphonesimulator*]" = YES;
				"INFOPLIST_KEY_UIApplicationSupportsIndirectInputEvents[sdk=iphoneos*]" = YES;
				"INFOPLIST_KEY_UIApplicationSupportsIndirectInputEvents[sdk=iphonesimulator*]" = YES;
				"INFOPLIST_KEY_UILaunchScreen_Generation[sdk=iphoneos*]" = YES;
				"INFOPLIST_KEY_UILaunchScreen_Generation[sdk=iphonesimulator*]" = YES;
				"INFOPLIST_KEY_UIStatusBarStyle[sdk=iphoneos*]" = UIStatusBarStyleDefault;
				"INFOPLIST_KEY_UIStatusBarStyle[sdk=iphonesimulator*]" = UIStatusBarStyleDefault;
				INFOPLIST_KEY_UISupportedInterfaceOrientations = UIInterfaceOrientationPortrait;
				INFOPLIST_KEY_UISupportedInterfaceOrientations_iPad = "UIInterfaceOrientationLandscapeLeft UIInterfaceOrientationLandscapeRight";
				IPHONEOS_DEPLOYMENT_TARGET = 16.0;
				LD_RUNPATH_SEARCH_PATHS = "@executable_path/Frameworks";
				"LD_RUNPATH_SEARCH_PATHS[sdk=macosx*]" = "@executable_path/../Frameworks";
				MACOSX_DEPLOYMENT_TARGET = 13.1;
				MARKETING_VERSION = 1.0;
				PRODUCT_BUNDLE_IDENTIFIER = benede.AnnaForumController;
				PRODUCT_NAME = "$(TARGET_NAME)";
				SDKROOT = auto;
				SUPPORTED_PLATFORMS = "iphoneos iphonesimulator macosx";
				SWIFT_EMIT_LOC_STRINGS = YES;
				SWIFT_VERSION = 5.0;
				TARGETED_DEVICE_FAMILY = "1,2";
			};
			name = Release;
		};
/* End XCBuildConfiguration section */

/* Begin XCConfigurationList section */
		8FCC321429A3FDC400216060 /* Build configuration list for PBXProject "AnnaForumController" */ = {
			isa = XCConfigurationList;
			buildConfigurations = (
				8FCC322629A3FDC500216060 /* Debug */,
				8FCC322729A3FDC500216060 /* Release */,
			);
			defaultConfigurationIsVisible = 0;
			defaultConfigurationName = Release;
		};
		8FCC322829A3FDC500216060 /* Build configuration list for PBXNativeTarget "AnnaForumController" */ = {
			isa = XCConfigurationList;
			buildConfigurations = (
				8FCC322929A3FDC500216060 /* Debug */,
				8FCC322A29A3FDC500216060 /* Release */,
			);
			defaultConfigurationIsVisible = 0;
			defaultConfigurationName = Release;
		};
/* End XCConfigurationList section */

/* Begin XCRemoteSwiftPackageReference section */
		8F95146929A9462200B2DF33 /* XCRemoteSwiftPackageReference "Stripes" */ = {
			isa = XCRemoteSwiftPackageReference;
			repositoryURL = "https://github.com/eneko/Stripes";
			requirement = {
				kind = upToNextMajorVersion;
				minimumVersion = 0.2.0;
			};
		};
		8FCC322B29A3FFE900216060 /* XCRemoteSwiftPackageReference "CocoaAsyncSocket" */ = {
			isa = XCRemoteSwiftPackageReference;
			repositoryURL = "https://github.com/robbiehanson/CocoaAsyncSocket";
			requirement = {
				kind = upToNextMajorVersion;
				minimumVersion = 7.0.0;
			};
		};
		8FCC322E29A4000100216060 /* XCRemoteSwiftPackageReference "OSCKit" */ = {
			isa = XCRemoteSwiftPackageReference;
			repositoryURL = "https://github.com/orchetect/OSCKit";
			requirement = {
				kind = upToNextMajorVersion;
				minimumVersion = 0.4.3;
			};
		};
/* End XCRemoteSwiftPackageReference section */

/* Begin XCSwiftPackageProductDependency section */
		8F95146A29A9462200B2DF33 /* Stripes */ = {
			isa = XCSwiftPackageProductDependency;
			package = 8F95146929A9462200B2DF33 /* XCRemoteSwiftPackageReference "Stripes" */;
			productName = Stripes;
		};
		8FCC322C29A3FFE900216060 /* CocoaAsyncSocket */ = {
			isa = XCSwiftPackageProductDependency;
			package = 8FCC322B29A3FFE900216060 /* XCRemoteSwiftPackageReference "CocoaAsyncSocket" */;
			productName = CocoaAsyncSocket;
		};
		8FCC322F29A4000100216060 /* OSCKit */ = {
			isa = XCSwiftPackageProductDependency;
			package = 8FCC322E29A4000100216060 /* XCRemoteSwiftPackageReference "OSCKit" */;
			productName = OSCKit;
		};
		8FCC323129A4000100216060 /* OSCKitCore */ = {
			isa = XCSwiftPackageProductDependency;
			package = 8FCC322E29A4000100216060 /* XCRemoteSwiftPackageReference "OSCKit" */;
			productName = OSCKitCore;
		};
/* End XCSwiftPackageProductDependency section */
	};
	rootObject = 8FCC321129A3FDC400216060 /* Project object */;
}
